// !$*UTF8*$!
{
	archiveVersion = 1;
	classes = {
	};
	objectVersion = 50;
	objects = {

/* Begin PBXBuildFile section */
		217B2FED233B7B3A0018AC8B /* Locator.swift in Sources */ = {isa = PBXBuildFile; fileRef = 217B2FEC233B7B3A0018AC8B /* Locator.swift */; };
		217B2FF0233B7FAB0018AC8B /* Error+Extension.swift in Sources */ = {isa = PBXBuildFile; fileRef = 217B2FEF233B7FAB0018AC8B /* Error+Extension.swift */; };
		217B2FF2233B850A0018AC8B /* ApiClientService.swift in Sources */ = {isa = PBXBuildFile; fileRef = 217B2FF1233B850A0018AC8B /* ApiClientService.swift */; };
		21883CB02339D130001DE690 /* AppDelegate.swift in Sources */ = {isa = PBXBuildFile; fileRef = 21883CAF2339D130001DE690 /* AppDelegate.swift */; };
		21883CB22339D130001DE690 /* WeatherViewController.swift in Sources */ = {isa = PBXBuildFile; fileRef = 21883CB12339D130001DE690 /* WeatherViewController.swift */; };
		21883CB52339D130001DE690 /* Main.storyboard in Resources */ = {isa = PBXBuildFile; fileRef = 21883CB32339D130001DE690 /* Main.storyboard */; };
		21883CB72339D132001DE690 /* Assets.xcassets in Resources */ = {isa = PBXBuildFile; fileRef = 21883CB62339D132001DE690 /* Assets.xcassets */; };
		21883CBA2339D132001DE690 /* LaunchScreen.storyboard in Resources */ = {isa = PBXBuildFile; fileRef = 21883CB82339D132001DE690 /* LaunchScreen.storyboard */; };
		21883CC62339D49F001DE690 /* Default-568h@2x.png in Resources */ = {isa = PBXBuildFile; fileRef = 21883CC52339D49F001DE690 /* Default-568h@2x.png */; };
		21883CCA2339D706001DE690 /* Weather.swift in Sources */ = {isa = PBXBuildFile; fileRef = 21883CC92339D706001DE690 /* Weather.swift */; };
		569F227523412DCE0090F22A /* WebKit.framework in Frameworks */ = {isa = PBXBuildFile; fileRef = 569F227423412DCE0090F22A /* WebKit.framework */; };
		56EA7508233F7F580067D390 /* TabBarControllerViewController.swift in Sources */ = {isa = PBXBuildFile; fileRef = 56EA7507233F7F580067D390 /* TabBarControllerViewController.swift */; };
		56EA750A233F7FB20067D390 /* MapViewController.swift in Sources */ = {isa = PBXBuildFile; fileRef = 56EA7509233F7FB20067D390 /* MapViewController.swift */; };
		56EA750C233FE72C0067D390 /* ProgressView.swift in Sources */ = {isa = PBXBuildFile; fileRef = 56EA750B233FE72C0067D390 /* ProgressView.swift */; };
		7F72CA9A20274955EE59C72E /* Pods_Weather.framework in Frameworks */ = {isa = PBXBuildFile; fileRef = 783DE46F2D3554A0C1C69E7F /* Pods_Weather.framework */; };
/* End PBXBuildFile section */

/* Begin PBXFileReference section */
		217B2FEC233B7B3A0018AC8B /* Locator.swift */ = {isa = PBXFileReference; lastKnownFileType = sourcecode.swift; path = Locator.swift; sourceTree = "<group>"; };
		217B2FEF233B7FAB0018AC8B /* Error+Extension.swift */ = {isa = PBXFileReference; lastKnownFileType = sourcecode.swift; path = "Error+Extension.swift"; sourceTree = "<group>"; };
		217B2FF1233B850A0018AC8B /* ApiClientService.swift */ = {isa = PBXFileReference; lastKnownFileType = sourcecode.swift; path = ApiClientService.swift; sourceTree = "<group>"; };
		21883CAC2339D130001DE690 /* Weather.app */ = {isa = PBXFileReference; explicitFileType = wrapper.application; includeInIndex = 0; path = Weather.app; sourceTree = BUILT_PRODUCTS_DIR; };
		21883CAF2339D130001DE690 /* AppDelegate.swift */ = {isa = PBXFileReference; lastKnownFileType = sourcecode.swift; path = AppDelegate.swift; sourceTree = "<group>"; };
		21883CB12339D130001DE690 /* WeatherViewController.swift */ = {isa = PBXFileReference; lastKnownFileType = sourcecode.swift; path = WeatherViewController.swift; sourceTree = "<group>"; };
		21883CB42339D130001DE690 /* Base */ = {isa = PBXFileReference; lastKnownFileType = file.storyboard; name = Base; path = Base.lproj/Main.storyboard; sourceTree = "<group>"; };
		21883CB62339D132001DE690 /* Assets.xcassets */ = {isa = PBXFileReference; lastKnownFileType = folder.assetcatalog; path = Assets.xcassets; sourceTree = "<group>"; };
		21883CB92339D132001DE690 /* Base */ = {isa = PBXFileReference; lastKnownFileType = file.storyboard; name = Base; path = Base.lproj/LaunchScreen.storyboard; sourceTree = "<group>"; };
		21883CBB2339D132001DE690 /* Info.plist */ = {isa = PBXFileReference; lastKnownFileType = text.plist.xml; path = Info.plist; sourceTree = "<group>"; };
		21883CC52339D49F001DE690 /* Default-568h@2x.png */ = {isa = PBXFileReference; lastKnownFileType = image.png; path = "Default-568h@2x.png"; sourceTree = "<group>"; };
		21883CC92339D706001DE690 /* Weather.swift */ = {isa = PBXFileReference; lastKnownFileType = sourcecode.swift; path = Weather.swift; sourceTree = "<group>"; };
		49AAD7BFA7C777580731FF8E /* Pods-Weather.debug.xcconfig */ = {isa = PBXFileReference; includeInIndex = 1; lastKnownFileType = text.xcconfig; name = "Pods-Weather.debug.xcconfig"; path = "Target Support Files/Pods-Weather/Pods-Weather.debug.xcconfig"; sourceTree = "<group>"; };
		569F227423412DCE0090F22A /* WebKit.framework */ = {isa = PBXFileReference; lastKnownFileType = wrapper.framework; name = WebKit.framework; path = System/Library/Frameworks/WebKit.framework; sourceTree = SDKROOT; };
		56EA7507233F7F580067D390 /* TabBarControllerViewController.swift */ = {isa = PBXFileReference; lastKnownFileType = sourcecode.swift; path = TabBarControllerViewController.swift; sourceTree = "<group>"; };
		56EA7509233F7FB20067D390 /* MapViewController.swift */ = {isa = PBXFileReference; lastKnownFileType = sourcecode.swift; path = MapViewController.swift; sourceTree = "<group>"; };
		56EA750B233FE72C0067D390 /* ProgressView.swift */ = {isa = PBXFileReference; lastKnownFileType = sourcecode.swift; name = ProgressView.swift; path = Weather/View/ProgressView.swift; sourceTree = "<group>"; };
		783DE46F2D3554A0C1C69E7F /* Pods_Weather.framework */ = {isa = PBXFileReference; explicitFileType = wrapper.framework; includeInIndex = 0; path = Pods_Weather.framework; sourceTree = BUILT_PRODUCTS_DIR; };
		E069ED783A4F86A90D7314B8 /* Pods-Weather.release.xcconfig */ = {isa = PBXFileReference; includeInIndex = 1; lastKnownFileType = text.xcconfig; name = "Pods-Weather.release.xcconfig"; path = "Target Support Files/Pods-Weather/Pods-Weather.release.xcconfig"; sourceTree = "<group>"; };
/* End PBXFileReference section */

/* Begin PBXFrameworksBuildPhase section */
		21883CA92339D130001DE690 /* Frameworks */ = {
			isa = PBXFrameworksBuildPhase;
			buildActionMask = 2147483647;
			files = (
				569F227523412DCE0090F22A /* WebKit.framework in Frameworks */,
				7F72CA9A20274955EE59C72E /* Pods_Weather.framework in Frameworks */,
			);
			runOnlyForDeploymentPostprocessing = 0;
		};
/* End PBXFrameworksBuildPhase section */

/* Begin PBXGroup section */
		217B2FEE233B7F9B0018AC8B /* Extensions */ = {
			isa = PBXGroup;
			children = (
				217B2FEF233B7FAB0018AC8B /* Error+Extension.swift */,
			);
			path = Extensions;
			sourceTree = "<group>";
		};
		21883CA32339D130001DE690 = {
			isa = PBXGroup;
			children = (
				56EA750B233FE72C0067D390 /* ProgressView.swift */,
				21883CC52339D49F001DE690 /* Default-568h@2x.png */,
				21883CAE2339D130001DE690 /* Weather */,
				21883CAD2339D130001DE690 /* Products */,
				569F227323412DCE0090F22A /* Frameworks */,
				7F25DCD70A3D6F94FF8326E8 /* Pods */,
			);
			sourceTree = "<group>";
		};
		21883CAD2339D130001DE690 /* Products */ = {
			isa = PBXGroup;
			children = (
				21883CAC2339D130001DE690 /* Weather.app */,
			);
			name = Products;
			sourceTree = "<group>";
		};
		21883CAE2339D130001DE690 /* Weather */ = {
			isa = PBXGroup;
			children = (
				217B2FEE233B7F9B0018AC8B /* Extensions */,
				21883CC82339D646001DE690 /* Resources */,
				21883CC42339D458001DE690 /* Utils */,
				21883CC32339D44E001DE690 /* View */,
				21883CC22339D444001DE690 /* Controller */,
				21883CC12339D43A001DE690 /* Model */,
			);
			path = Weather;
			sourceTree = "<group>";
		};
		21883CC12339D43A001DE690 /* Model */ = {
			isa = PBXGroup;
			children = (
				21883CC92339D706001DE690 /* Weather.swift */,
				217B2FEC233B7B3A0018AC8B /* Locator.swift */,
			);
			path = Model;
			sourceTree = "<group>";
		};
		21883CC22339D444001DE690 /* Controller */ = {
			isa = PBXGroup;
			children = (
				21883CB12339D130001DE690 /* WeatherViewController.swift */,
				56EA7507233F7F580067D390 /* TabBarControllerViewController.swift */,
				56EA7509233F7FB20067D390 /* MapViewController.swift */,
			);
			path = Controller;
			sourceTree = "<group>";
		};
		21883CC32339D44E001DE690 /* View */ = {
			isa = PBXGroup;
			children = (
				21883CB32339D130001DE690 /* Main.storyboard */,
				21883CB82339D132001DE690 /* LaunchScreen.storyboard */,
			);
			path = View;
			sourceTree = "<group>";
		};
		21883CC42339D458001DE690 /* Utils */ = {
			isa = PBXGroup;
			children = (
				21883CAF2339D130001DE690 /* AppDelegate.swift */,
				21883CBB2339D132001DE690 /* Info.plist */,
				217B2FF1233B850A0018AC8B /* ApiClientService.swift */,
			);
			path = Utils;
			sourceTree = "<group>";
		};
		21883CC82339D646001DE690 /* Resources */ = {
			isa = PBXGroup;
			children = (
				21883CB62339D132001DE690 /* Assets.xcassets */,
			);
			path = Resources;
			sourceTree = "<group>";
		};
		569F227323412DCE0090F22A /* Frameworks */ = {
			isa = PBXGroup;
			children = (
				569F227423412DCE0090F22A /* WebKit.framework */,
				783DE46F2D3554A0C1C69E7F /* Pods_Weather.framework */,
			);
			name = Frameworks;
			sourceTree = "<group>";
		};
		7F25DCD70A3D6F94FF8326E8 /* Pods */ = {
			isa = PBXGroup;
			children = (
				49AAD7BFA7C777580731FF8E /* Pods-Weather.debug.xcconfig */,
				E069ED783A4F86A90D7314B8 /* Pods-Weather.release.xcconfig */,
			);
			name = Pods;
			path = Pods;
			sourceTree = "<group>";
		};
/* End PBXGroup section */

/* Begin PBXNativeTarget section */
		21883CAB2339D130001DE690 /* Weather */ = {
			isa = PBXNativeTarget;
			buildConfigurationList = 21883CBE2339D132001DE690 /* Build configuration list for PBXNativeTarget "Weather" */;
			buildPhases = (
				24D24E8C164F65DA2CEA1281 /* [CP] Check Pods Manifest.lock */,
				21883CA82339D130001DE690 /* Sources */,
				21883CA92339D130001DE690 /* Frameworks */,
				21883CAA2339D130001DE690 /* Resources */,
				ABC111AE484130D1B31D7417 /* [CP] Embed Pods Frameworks */,
			);
			buildRules = (
			);
			dependencies = (
			);
			name = Weather;
			productName = Weather;
			productReference = 21883CAC2339D130001DE690 /* Weather.app */;
			productType = "com.apple.product-type.application";
		};
/* End PBXNativeTarget section */

/* Begin PBXProject section */
		21883CA42339D130001DE690 /* Project object */ = {
			isa = PBXProject;
			attributes = {
				LastSwiftUpdateCheck = 1030;
				LastUpgradeCheck = 1030;
				ORGANIZATIONNAME = Rani;
				TargetAttributes = {
					21883CAB2339D130001DE690 = {
						CreatedOnToolsVersion = 10.3;
					};
				};
			};
			buildConfigurationList = 21883CA72339D130001DE690 /* Build configuration list for PBXProject "Weather" */;
			compatibilityVersion = "Xcode 9.3";
			developmentRegion = en;
			hasScannedForEncodings = 0;
			knownRegions = (
				en,
				Base,
			);
			mainGroup = 21883CA32339D130001DE690;
			productRefGroup = 21883CAD2339D130001DE690 /* Products */;
			projectDirPath = "";
			projectRoot = "";
			targets = (
				21883CAB2339D130001DE690 /* Weather */,
			);
		};
/* End PBXProject section */

/* Begin PBXResourcesBuildPhase section */
		21883CAA2339D130001DE690 /* Resources */ = {
			isa = PBXResourcesBuildPhase;
			buildActionMask = 2147483647;
			files = (
				21883CBA2339D132001DE690 /* LaunchScreen.storyboard in Resources */,
				21883CC62339D49F001DE690 /* Default-568h@2x.png in Resources */,
				21883CB72339D132001DE690 /* Assets.xcassets in Resources */,
				21883CB52339D130001DE690 /* Main.storyboard in Resources */,
			);
			runOnlyForDeploymentPostprocessing = 0;
		};
/* End PBXResourcesBuildPhase section */

/* Begin PBXShellScriptBuildPhase section */
		24D24E8C164F65DA2CEA1281 /* [CP] Check Pods Manifest.lock */ = {
			isa = PBXShellScriptBuildPhase;
			buildActionMask = 2147483647;
			files = (
			);
			inputFileListPaths = (
			);
			inputPaths = (
				"${PODS_PODFILE_DIR_PATH}/Podfile.lock",
				"${PODS_ROOT}/Manifest.lock",
			);
			name = "[CP] Check Pods Manifest.lock";
			outputFileListPaths = (
			);
			outputPaths = (
				"$(DERIVED_FILE_DIR)/Pods-Weather-checkManifestLockResult.txt",
			);
			runOnlyForDeploymentPostprocessing = 0;
			shellPath = /bin/sh;
			shellScript = "diff \"${PODS_PODFILE_DIR_PATH}/Podfile.lock\" \"${PODS_ROOT}/Manifest.lock\" > /dev/null\nif [ $? != 0 ] ; then\n    # print error to STDERR\n    echo \"error: The sandbox is not in sync with the Podfile.lock. Run 'pod install' or update your CocoaPods installation.\" >&2\n    exit 1\nfi\n# This output is used by Xcode 'outputs' to avoid re-running this script phase.\necho \"SUCCESS\" > \"${SCRIPT_OUTPUT_FILE_0}\"\n";
			showEnvVarsInLog = 0;
		};
		ABC111AE484130D1B31D7417 /* [CP] Embed Pods Frameworks */ = {
			isa = PBXShellScriptBuildPhase;
			buildActionMask = 2147483647;
			files = (
			);
			inputFileListPaths = (
				"${PODS_ROOT}/Target Support Files/Pods-Weather/Pods-Weather-frameworks-${CONFIGURATION}-input-files.xcfilelist",
			);
			name = "[CP] Embed Pods Frameworks";
			outputFileListPaths = (
				"${PODS_ROOT}/Target Support Files/Pods-Weather/Pods-Weather-frameworks-${CONFIGURATION}-output-files.xcfilelist",
			);
			runOnlyForDeploymentPostprocessing = 0;
			shellPath = /bin/sh;
			shellScript = "\"${PODS_ROOT}/Target Support Files/Pods-Weather/Pods-Weather-frameworks.sh\"\n";
			showEnvVarsInLog = 0;
		};
/* End PBXShellScriptBuildPhase section */

/* Begin PBXSourcesBuildPhase section */
		21883CA82339D130001DE690 /* Sources */ = {
			isa = PBXSourcesBuildPhase;
			buildActionMask = 2147483647;
			files = (
				21883CB22339D130001DE690 /* WeatherViewController.swift in Sources */,
				217B2FED233B7B3A0018AC8B /* Locator.swift in Sources */,
				21883CCA2339D706001DE690 /* Weather.swift in Sources */,
				21883CB02339D130001DE690 /* AppDelegate.swift in Sources */,
				56EA7508233F7F580067D390 /* TabBarControllerViewController.swift in Sources */,
				217B2FF0233B7FAB0018AC8B /* Error+Extension.swift in Sources */,
				217B2FF2233B850A0018AC8B /* ApiClientService.swift in Sources */,
				56EA750A233F7FB20067D390 /* MapViewController.swift in Sources */,
				56EA750C233FE72C0067D390 /* ProgressView.swift in Sources */,
			);
			runOnlyForDeploymentPostprocessing = 0;
		};
/* End PBXSourcesBuildPhase section */

/* Begin PBXVariantGroup section */
		21883CB32339D130001DE690 /* Main.storyboard */ = {
			isa = PBXVariantGroup;
			children = (
				21883CB42339D130001DE690 /* Base */,
			);
			name = Main.storyboard;
			sourceTree = "<group>";
		};
		21883CB82339D132001DE690 /* LaunchScreen.storyboard */ = {
			isa = PBXVariantGroup;
			children = (
				21883CB92339D132001DE690 /* Base */,
			);
			name = LaunchScreen.storyboard;
			sourceTree = "<group>";
		};
/* End PBXVariantGroup section */

/* Begin XCBuildConfiguration section */
		21883CBC2339D132001DE690 /* Debug */ = {
			isa = XCBuildConfiguration;
			buildSettings = {
				ALWAYS_SEARCH_USER_PATHS = NO;
				CLANG_ANALYZER_NONNULL = YES;
				CLANG_ANALYZER_NUMBER_OBJECT_CONVERSION = YES_AGGRESSIVE;
				CLANG_CXX_LANGUAGE_STANDARD = "gnu++14";
				CLANG_CXX_LIBRARY = "libc++";
				CLANG_ENABLE_MODULES = YES;
				CLANG_ENABLE_OBJC_ARC = YES;
				CLANG_ENABLE_OBJC_WEAK = YES;
				CLANG_WARN_BLOCK_CAPTURE_AUTORELEASING = YES;
				CLANG_WARN_BOOL_CONVERSION = YES;
				CLANG_WARN_COMMA = YES;
				CLANG_WARN_CONSTANT_CONVERSION = YES;
				CLANG_WARN_DEPRECATED_OBJC_IMPLEMENTATIONS = YES;
				CLANG_WARN_DIRECT_OBJC_ISA_USAGE = YES_ERROR;
				CLANG_WARN_DOCUMENTATION_COMMENTS = YES;
				CLANG_WARN_EMPTY_BODY = YES;
				CLANG_WARN_ENUM_CONVERSION = YES;
				CLANG_WARN_INFINITE_RECURSION = YES;
				CLANG_WARN_INT_CONVERSION = YES;
				CLANG_WARN_NON_LITERAL_NULL_CONVERSION = YES;
				CLANG_WARN_OBJC_IMPLICIT_RETAIN_SELF = YES;
				CLANG_WARN_OBJC_LITERAL_CONVERSION = YES;
				CLANG_WARN_OBJC_ROOT_CLASS = YES_ERROR;
				CLANG_WARN_RANGE_LOOP_ANALYSIS = YES;
				CLANG_WARN_STRICT_PROTOTYPES = YES;
				CLANG_WARN_SUSPICIOUS_MOVE = YES;
				CLANG_WARN_UNGUARDED_AVAILABILITY = YES_AGGRESSIVE;
				CLANG_WARN_UNREACHABLE_CODE = YES;
				CLANG_WARN__DUPLICATE_METHOD_MATCH = YES;
				CODE_SIGN_IDENTITY = "iPhone Developer";
				COPY_PHASE_STRIP = NO;
				DEBUG_INFORMATION_FORMAT = dwarf;
				ENABLE_STRICT_OBJC_MSGSEND = YES;
				ENABLE_TESTABILITY = YES;
				GCC_C_LANGUAGE_STANDARD = gnu11;
				GCC_DYNAMIC_NO_PIC = NO;
				GCC_NO_COMMON_BLOCKS = YES;
				GCC_OPTIMIZATION_LEVEL = 0;
				GCC_PREPROCESSOR_DEFINITIONS = (
					"DEBUG=1",
					"$(inherited)",
				);
				GCC_WARN_64_TO_32_BIT_CONVERSION = YES;
				GCC_WARN_ABOUT_RETURN_TYPE = YES_ERROR;
				GCC_WARN_UNDECLARED_SELECTOR = YES;
				GCC_WARN_UNINITIALIZED_AUTOS = YES_AGGRESSIVE;
				GCC_WARN_UNUSED_FUNCTION = YES;
				GCC_WARN_UNUSED_VARIABLE = YES;
				IPHONEOS_DEPLOYMENT_TARGET = 12.4;
				MTL_ENABLE_DEBUG_INFO = INCLUDE_SOURCE;
				MTL_FAST_MATH = YES;
				ONLY_ACTIVE_ARCH = YES;
				SDKROOT = iphoneos;
				SWIFT_ACTIVE_COMPILATION_CONDITIONS = DEBUG;
				SWIFT_OPTIMIZATION_LEVEL = "-Onone";
			};
			name = Debug;
		};
		21883CBD2339D132001DE690 /* Release */ = {
			isa = XCBuildConfiguration;
			buildSettings = {
				ALWAYS_SEARCH_USER_PATHS = NO;
				CLANG_ANALYZER_NONNULL = YES;
				CLANG_ANALYZER_NUMBER_OBJECT_CONVERSION = YES_AGGRESSIVE;
				CLANG_CXX_LANGUAGE_STANDARD = "gnu++14";
				CLANG_CXX_LIBRARY = "libc++";
				CLANG_ENABLE_MODULES = YES;
				CLANG_ENABLE_OBJC_ARC = YES;
				CLANG_ENABLE_OBJC_WEAK = YES;
				CLANG_WARN_BLOCK_CAPTURE_AUTORELEASING = YES;
				CLANG_WARN_BOOL_CONVERSION = YES;
				CLANG_WARN_COMMA = YES;
				CLANG_WARN_CONSTANT_CONVERSION = YES;
				CLANG_WARN_DEPRECATED_OBJC_IMPLEMENTATIONS = YES;
				CLANG_WARN_DIRECT_OBJC_ISA_USAGE = YES_ERROR;
				CLANG_WARN_DOCUMENTATION_COMMENTS = YES;
				CLANG_WARN_EMPTY_BODY = YES;
				CLANG_WARN_ENUM_CONVERSION = YES;
				CLANG_WARN_INFINITE_RECURSION = YES;
				CLANG_WARN_INT_CONVERSION = YES;
				CLANG_WARN_NON_LITERAL_NULL_CONVERSION = YES;
				CLANG_WARN_OBJC_IMPLICIT_RETAIN_SELF = YES;
				CLANG_WARN_OBJC_LITERAL_CONVERSION = YES;
				CLANG_WARN_OBJC_ROOT_CLASS = YES_ERROR;
				CLANG_WARN_RANGE_LOOP_ANALYSIS = YES;
				CLANG_WARN_STRICT_PROTOTYPES = YES;
				CLANG_WARN_SUSPICIOUS_MOVE = YES;
				CLANG_WARN_UNGUARDED_AVAILABILITY = YES_AGGRESSIVE;
				CLANG_WARN_UNREACHABLE_CODE = YES;
				CLANG_WARN__DUPLICATE_METHOD_MATCH = YES;
				CODE_SIGN_IDENTITY = "iPhone Developer";
				COPY_PHASE_STRIP = NO;
				DEBUG_INFORMATION_FORMAT = "dwarf-with-dsym";
				ENABLE_NS_ASSERTIONS = NO;
				ENABLE_STRICT_OBJC_MSGSEND = YES;
				GCC_C_LANGUAGE_STANDARD = gnu11;
				GCC_NO_COMMON_BLOCKS = YES;
				GCC_WARN_64_TO_32_BIT_CONVERSION = YES;
				GCC_WARN_ABOUT_RETURN_TYPE = YES_ERROR;
				GCC_WARN_UNDECLARED_SELECTOR = YES;
				GCC_WARN_UNINITIALIZED_AUTOS = YES_AGGRESSIVE;
				GCC_WARN_UNUSED_FUNCTION = YES;
				GCC_WARN_UNUSED_VARIABLE = YES;
				IPHONEOS_DEPLOYMENT_TARGET = 12.4;
				MTL_ENABLE_DEBUG_INFO = NO;
				MTL_FAST_MATH = YES;
				SDKROOT = iphoneos;
				SWIFT_COMPILATION_MODE = wholemodule;
				SWIFT_OPTIMIZATION_LEVEL = "-O";
				VALIDATE_PRODUCT = YES;
			};
			name = Release;
		};
		21883CBF2339D132001DE690 /* Debug */ = {
			isa = XCBuildConfiguration;
			baseConfigurationReference = 49AAD7BFA7C777580731FF8E /* Pods-Weather.debug.xcconfig */;
			buildSettings = {
				ASSETCATALOG_COMPILER_APPICON_NAME = AppIcon;
				CODE_SIGN_STYLE = Automatic;
				DEVELOPMENT_TEAM = JFT56DS286;
				INFOPLIST_FILE = "$(SRCROOT)/Weather/Utils/Info.plist";
				LD_RUNPATH_SEARCH_PATHS = (
					"$(inherited)",
					"@executable_path/Frameworks",
				);
				PRODUCT_BUNDLE_IDENTIFIER = com.rani.Weather;
				PRODUCT_NAME = "$(TARGET_NAME)";
				SWIFT_VERSION = 5.0;
				TARGETED_DEVICE_FAMILY = "1,2";
			};
			name = Debug;
		};
		21883CC02339D132001DE690 /* Release */ = {
			isa = XCBuildConfiguration;
			baseConfigurationReference = E069ED783A4F86A90D7314B8 /* Pods-Weather.release.xcconfig */;
			buildSettings = {
				ASSETCATALOG_COMPILER_APPICON_NAME = AppIcon;
				CODE_SIGN_STYLE = Automatic;
				DEVELOPMENT_TEAM = JFT56DS286;
				INFOPLIST_FILE = "$(SRCROOT)/Weather/Utils/Info.plist";
				LD_RUNPATH_SEARCH_PATHS = (
					"$(inherited)",
					"@executable_path/Frameworks",
				);
				PRODUCT_BUNDLE_IDENTIFIER = com.rani.Weather;
				PRODUCT_NAME = "$(TARGET_NAME)";
				SWIFT_VERSION = 5.0;
				TARGETED_DEVICE_FAMILY = "1,2";
			};
			name = Release;
		};
/* End XCBuildConfiguration section */

/* Begin XCConfigurationList section */
		21883CA72339D130001DE690 /* Build configuration list for PBXProject "Weather" */ = {
			isa = XCConfigurationList;
			buildConfigurations = (
				21883CBC2339D132001DE690 /* Debug */,
				21883CBD2339D132001DE690 /* Release */,
			);
			defaultConfigurationIsVisible = 0;
			defaultConfigurationName = Release;
		};
		21883CBE2339D132001DE690 /* Build configuration list for PBXNativeTarget "Weather" */ = {
			isa = XCConfigurationList;
			buildConfigurations = (
				21883CBF2339D132001DE690 /* Debug */,
				21883CC02339D132001DE690 /* Release */,
			);
			defaultConfigurationIsVisible = 0;
			defaultConfigurationName = Release;
		};
/* End XCConfigurationList section */
	};
	rootObject = 21883CA42339D130001DE690 /* Project object */;
}
